github.com/google/go-cmp v0.7.0 h1:wk8382ETsv4JYUZwIsn6YpYiWiBsYLSJiTsyBybVuN8=
github.com/google/go-cmp v0.7.0/go.mod h1:pXiqmnSA92OHEEa9HXL2W4E7lf9JzCmGVUdgjX3N/iU=
github.com/zendesk/go-generics/serialize v1.0.0 h1:vClUhwTU75IM0U2Cr5IzJgYrb4UC9DlpTb6rXzhxR78=
github.com/zendesk/go-generics/serialize v1.0.0/go.mod h1:7GWGv7o4Abpq1GflTWhq8I7yMiKUFnnDx0ZXwDy+ncU=
github.com/zendesk/go-generics/test v1.0.0 h1:BTF9kCuIdOVmzFyj4/GH3/t//4F/waFalZax7mCob5Y=
github.com/zendesk/go-generics/test v1.0.0/go.mod h1:eYcRrFnFWIUcmVcHlpybFOimmpZ/iJV0VbCBkrw+ABs=
golang.org/x/crypto v0.35.0 h1:b15kiHdrGCHrP6LvwaQ3c03kgNhhiMgvlhxHQhmg2Xs=
golang.org/x/crypto v0.35.0/go.mod h1:dy7dXNW32cAb/6/PRuTNsix8T+vJAqvuIy5Bli/x0YQ=
