github.com/google/go-cmp v0.7.0 h1:wk8382ETsv4JYUZwIsn6YpYiWiBsYLSJiTsyBybVuN8=
github.com/google/go-cmp v0.7.0/go.mod h1:pXiqmnSA92OHEEa9HXL2W4E7lf9JzCmGVUdgjX3N/iU=
github.com/zendesk/go-generics/serialize v1.0.2 h1:P447w8lFR7YI9/p9ZGbiF1cWm7cw1Ii4xB7vus1YtFA=
github.com/zendesk/go-generics/serialize v1.0.2/go.mod h1:nwVS9UaYnttSaSn8B6Vtr8tAp/s2W6Z3Z7br8jn2cm4=
github.com/zendesk/go-generics/test v1.0.2 h1:HtSo46tj3w69GRTLSv3XtsAl3L0a7aTrirIiqcPjbXs=
github.com/zendesk/go-generics/test v1.0.2/go.mod h1:eYcRrFnFWIUcmVcHlpybFOimmpZ/iJV0VbCBkrw+ABs=
golang.org/x/crypto v0.35.0 h1:b15kiHdrGCHrP6LvwaQ3c03kgNhhiMgvlhxHQhmg2Xs=
golang.org/x/crypto v0.35.0/go.mod h1:dy7dXNW32cAb/6/PRuTNsix8T+vJAqvuIy5Bli/x0YQ=
